{
   "name": "root",
   "version": "1.0.0",
   "lockfileVersion": 1,
   "requires": true,
   "dependencies": {
      "husky": {
         "version": "5.0.8",
         "resolved": "https://registry.npmjs.org/husky/-/husky-5.0.8.tgz",
         "integrity": "sha512-lijwzgHIJi7iYijEw77DIqyPDR6mFsOuGbjonI83nnAqJbWShGKtAJg1IqnFabnqGPEMiPv0Q8bnSwThfjW95A==",
         "dev": true
      }
   }
}
