{
  "name": "excmd-parser",
  "version": "0.0.1",
  "lockfileVersion": 1,
  "requires": true,
  "dependencies": {
    "@elliottcable/sedlex-ppx": {
      "version": "1.99.4-pre.1",
      "resolved": "https://registry.npmjs.org/@elliottcable/sedlex-ppx/-/sedlex-ppx-1.99.4-pre.1.tgz",
      "integrity": "sha512-FaAOXveVNfPKHJzk8e1ANCXCC+yw/azn9FGBs1Lcn9aHZnk+Co64g+xcCWu1aaCZ/2ceXdazxdaZfMRWH7/dPA==",
      "dev": true
    },
    "bs-platform": {
      "version": "4.0.2",
      "resolved": "https://registry.npmjs.org/bs-platform/-/bs-platform-4.0.2.tgz",
      "integrity": "sha1-7oD0lI9dsFM99mdhKlPZpSg3zyQ="
    }
  }
}
