{
  "name": "excmd-parser",
  "version": "0.0.1",
  "lockfileVersion": 1,
  "requires": true,
  "dependencies": {
    "@elliottcable/bs-gen": {
      "version": "0.5.1",
      "resolved": "https://registry.npmjs.org/@elliottcable/bs-gen/-/bs-gen-0.5.1.tgz",
      "integrity": "sha512-nTxwpcBbCENxy9TIYFr553mp2Mts7I5OAan4ke7uiphiQKo0EqOpCgPG+kSYlp8LdPSz4h/IYJJoVC7ldIr/Lg==",
      "requires": {
        "bs-platform": "^4.0.2"
      }
    },
    "@elliottcable/bs-uchar": {
      "version": "0.0.2",
      "resolved": "https://registry.npmjs.org/@elliottcable/bs-uchar/-/bs-uchar-0.0.2.tgz",
      "integrity": "sha512-DG8C2IhTZB2a+A0/AE0jrBZyzkj9VW/7Zc+E5XOALfmgBh2Xy92H8xyT6okh0QK4EzGZiT2/heHYF0AAriOrNA==",
      "requires": {
        "bs-platform": "^4.0.2"
      }
    },
    "bs-platform": {
      "version": "4.0.2",
      "resolved": "https://registry.npmjs.org/bs-platform/-/bs-platform-4.0.2.tgz",
      "integrity": "sha1-7oD0lI9dsFM99mdhKlPZpSg3zyQ="
    },
    "bs-sedlex": {
      "version": "1.99.4-pre.8",
      "resolved": "https://registry.npmjs.org/bs-sedlex/-/bs-sedlex-1.99.4-pre.8.tgz",
      "integrity": "sha512-wg9mqHC9RKRsO3w/SQU13PwjmdHrjkCFswfgfkrBSqlNZ//YXIf77jdD+SNTv6yAad5ygvMynMxN5TQRYrAGEA==",
      "requires": {
        "@elliottcable/bs-gen": "^0.5.1",
        "@elliottcable/bs-uchar": "^0.0.2",
        "bs-platform": "^4.0.3"
      },
      "dependencies": {
        "bs-platform": {
          "version": "4.0.3",
          "resolved": "https://registry.npmjs.org/bs-platform/-/bs-platform-4.0.3.tgz",
          "integrity": "sha1-RRDByRXMWxabVxflwK2lLT+Z/5g="
        }
      }
    },
    "ppx-sedlex": {
      "version": "1.99.4-pre.8",
      "resolved": "https://registry.npmjs.org/ppx-sedlex/-/ppx-sedlex-1.99.4-pre.8.tgz",
      "integrity": "sha512-vRBW1Dsq4LMGH9Qx030iAx6NAJS43bscYfdXdN7BtO2X5J9wD8SrAGWkNSv4/G7uL6mnOoUoshKYJKu2ehgddQ==",
      "dev": true
    }
  }
}
